
Microsoft Visual Studio Solution File, Format Version 12.00
Project("{FAE04EC0-301F-11D3-BF4B-00C04F79EFBC}") = "IntegerToRoman", "IntegerToRoman.csproj", "{75056FC2-E939-4819-8818-6D32657D1615}"
EndProject
Global
	GlobalSection(SolutionConfigurationPlatforms) = preSolution
		Debug|Any CPU = Debug|Any CPU
		Release|Any CPU = Release|Any CPU
	EndGlobalSection
	GlobalSection(ProjectConfigurationPlatforms) = postSolution
		{75056FC2-E939-4819-8818-6D32657D1615}.Debug|Any CPU.ActiveCfg = Debug|Any CPU
		{75056FC2-E939-4819-8818-6D32657D1615}.Debug|Any CPU.Build.0 = Debug|Any CPU
		{75056FC2-E939-4819-8818-6D32657D1615}.Release|Any CPU.ActiveCfg = Release|Any CPU
		{75056FC2-E939-4819-8818-6D32657D1615}.Release|Any CPU.Build.0 = Release|Any CPU
	EndGlobalSection
EndGlobal
